{
  "name": "anura-typescript-app-template",
  "version": "1.0.0",
  "lockfileVersion": 3,
  "requires": true,
  "packages": {
    "": {
      "name": "anura-typescript-app-template",
      "version": "1.0.0",
      "dependencies": {
        "@mercuryworkshop/alicejs": "^1.1.3"
      }
    },
    "node_modules/@mercuryworkshop/alicejs": {
      "version": "1.2.1",
      "resolved": "https://registry.npmjs.org/@mercuryworkshop/alicejs/-/alicejs-1.2.1.tgz",
      "integrity": "sha512-44EIBl6T2xvi938ig2ogT5ANGnhlw6gG65wRP+uvLWgfxfxj+lRakWighLsGd1Wk3CM7ignWij8S3lyg982W8w=="
    }
  }
}
